// !$*UTF8*$!
{
	archiveVersion = 1;
	classes = {
	};
	objectVersion = 50;
	objects = {

/* Begin PBXBuildFile section */
		3620583879EB3DA40F7B8A0A /* Pods_QuizX.framework in Frameworks */ = {isa = PBXBuildFile; fileRef = 7B314009DF1CDE2E131CB06B /* Pods_QuizX.framework */; };
		E40B1D94246825A200CB8C3F /* AppDelegate.swift in Sources */ = {isa = PBXBuildFile; fileRef = E40B1D93246825A200CB8C3F /* AppDelegate.swift */; };
		E40B1D96246825A200CB8C3F /* SceneDelegate.swift in Sources */ = {isa = PBXBuildFile; fileRef = E40B1D95246825A200CB8C3F /* SceneDelegate.swift */; };
		E40B1D9B246825A200CB8C3F /* Main.storyboard in Resources */ = {isa = PBXBuildFile; fileRef = E40B1D99246825A200CB8C3F /* Main.storyboard */; };
		E40B1D9D246825A800CB8C3F /* Assets.xcassets in Resources */ = {isa = PBXBuildFile; fileRef = E40B1D9C246825A800CB8C3F /* Assets.xcassets */; };
		E40B1DA0246825A800CB8C3F /* LaunchScreen.storyboard in Resources */ = {isa = PBXBuildFile; fileRef = E40B1D9E246825A800CB8C3F /* LaunchScreen.storyboard */; };
		E412C204256DB56600DE6AA4 /* NewQuizViewController.swift in Sources */ = {isa = PBXBuildFile; fileRef = E412C203256DB56600DE6AA4 /* NewQuizViewController.swift */; };
		E412C206256DE62000DE6AA4 /* SettingTableViewController.swift in Sources */ = {isa = PBXBuildFile; fileRef = E412C205256DE62000DE6AA4 /* SettingTableViewController.swift */; };
		E412C20A256DEE4E00DE6AA4 /* newQuizData.json in Resources */ = {isa = PBXBuildFile; fileRef = E412C209256DEE4E00DE6AA4 /* newQuizData.json */; };
		E415C9172770AC680036FE84 /* slashSound.mp4 in Resources */ = {isa = PBXBuildFile; fileRef = E415C9162770AC680036FE84 /* slashSound.mp4 */; };
		E434C1772758C0E600B0EE7B /* quizData_20211202.json in Resources */ = {isa = PBXBuildFile; fileRef = E434C1762758C0E600B0EE7B /* quizData_20211202.json */; };
		E43F042E24712BA6003B8606 /* ScoreData.swift in Sources */ = {isa = PBXBuildFile; fileRef = E43F042D24712BA6003B8606 /* ScoreData.swift */; };
		E488097725353E500062C068 /* ScoreDataRecordBrain.swift in Sources */ = {isa = PBXBuildFile; fileRef = E488097625353E500062C068 /* ScoreDataRecordBrain.swift */; };
		E491A56727537232003D4D11 /* QuizXWeb.storyboard in Resources */ = {isa = PBXBuildFile; fileRef = E491A56627537232003D4D11 /* QuizXWeb.storyboard */; };
		E491A569275372A9003D4D11 /* QuizXWebViewController.swift in Sources */ = {isa = PBXBuildFile; fileRef = E491A568275372A9003D4D11 /* QuizXWebViewController.swift */; };
		E49A70502479C8F600929251 /* quizDataBeginner.json in Resources */ = {isa = PBXBuildFile; fileRef = E49A704F2479C8F600929251 /* quizDataBeginner.json */; };
		E49A70522479C8FD00929251 /* quizDataIntermediate.json in Resources */ = {isa = PBXBuildFile; fileRef = E49A70512479C8FD00929251 /* quizDataIntermediate.json */; };
		E49A70542479C90400929251 /* quizDataAdvanced.json in Resources */ = {isa = PBXBuildFile; fileRef = E49A70532479C90300929251 /* quizDataAdvanced.json */; };
		E4DB522C246AD7450044ECBC /* QuizDataExcel.swift in Sources */ = {isa = PBXBuildFile; fileRef = E4DB522B246AD7450044ECBC /* QuizDataExcel.swift */; };
		E4DB522E246B561E0044ECBC /* QuizDataExcelBrain.swift in Sources */ = {isa = PBXBuildFile; fileRef = E4DB522D246B561E0044ECBC /* QuizDataExcelBrain.swift */; };
		E4FB439F24B2842A00975C0D /* Constants.swift in Sources */ = {isa = PBXBuildFile; fileRef = E4FB439E24B2842A00975C0D /* Constants.swift */; };
/* End PBXBuildFile section */

/* Begin PBXFileReference section */
		4AD46E73F4E22AF9DDB6479A /* Pods-QuizX.release.xcconfig */ = {isa = PBXFileReference; includeInIndex = 1; lastKnownFileType = text.xcconfig; name = "Pods-QuizX.release.xcconfig"; path = "Target Support Files/Pods-QuizX/Pods-QuizX.release.xcconfig"; sourceTree = "<group>"; };
		663D082C2ED93F2289075CB3 /* Pods-QuizX.debug.xcconfig */ = {isa = PBXFileReference; includeInIndex = 1; lastKnownFileType = text.xcconfig; name = "Pods-QuizX.debug.xcconfig"; path = "Target Support Files/Pods-QuizX/Pods-QuizX.debug.xcconfig"; sourceTree = "<group>"; };
		7B314009DF1CDE2E131CB06B /* Pods_QuizX.framework */ = {isa = PBXFileReference; explicitFileType = wrapper.framework; includeInIndex = 0; path = Pods_QuizX.framework; sourceTree = BUILT_PRODUCTS_DIR; };
		E40B1D90246825A200CB8C3F /* QuizX.app */ = {isa = PBXFileReference; explicitFileType = wrapper.application; includeInIndex = 0; path = QuizX.app; sourceTree = BUILT_PRODUCTS_DIR; };
		E40B1D93246825A200CB8C3F /* AppDelegate.swift */ = {isa = PBXFileReference; lastKnownFileType = sourcecode.swift; path = AppDelegate.swift; sourceTree = "<group>"; };
		E40B1D95246825A200CB8C3F /* SceneDelegate.swift */ = {isa = PBXFileReference; lastKnownFileType = sourcecode.swift; path = SceneDelegate.swift; sourceTree = "<group>"; };
		E40B1D9A246825A200CB8C3F /* Base */ = {isa = PBXFileReference; lastKnownFileType = file.storyboard; name = Base; path = Base.lproj/Main.storyboard; sourceTree = "<group>"; };
		E40B1D9C246825A800CB8C3F /* Assets.xcassets */ = {isa = PBXFileReference; lastKnownFileType = folder.assetcatalog; path = Assets.xcassets; sourceTree = "<group>"; };
		E40B1D9F246825A800CB8C3F /* Base */ = {isa = PBXFileReference; lastKnownFileType = file.storyboard; name = Base; path = Base.lproj/LaunchScreen.storyboard; sourceTree = "<group>"; };
		E40B1DA1246825A800CB8C3F /* Info.plist */ = {isa = PBXFileReference; lastKnownFileType = text.plist.xml; path = Info.plist; sourceTree = "<group>"; };
		E412C203256DB56600DE6AA4 /* NewQuizViewController.swift */ = {isa = PBXFileReference; lastKnownFileType = sourcecode.swift; path = NewQuizViewController.swift; sourceTree = "<group>"; };
		E412C205256DE62000DE6AA4 /* SettingTableViewController.swift */ = {isa = PBXFileReference; lastKnownFileType = sourcecode.swift; path = SettingTableViewController.swift; sourceTree = "<group>"; };
		E412C209256DEE4E00DE6AA4 /* newQuizData.json */ = {isa = PBXFileReference; fileEncoding = 4; lastKnownFileType = text.json; path = newQuizData.json; sourceTree = "<group>"; };
		E415C9162770AC680036FE84 /* slashSound.mp4 */ = {isa = PBXFileReference; lastKnownFileType = file; path = slashSound.mp4; sourceTree = "<group>"; };
		E434C1762758C0E600B0EE7B /* quizData_20211202.json */ = {isa = PBXFileReference; fileEncoding = 4; lastKnownFileType = text.json; path = quizData_20211202.json; sourceTree = "<group>"; };
		E43F042D24712BA6003B8606 /* ScoreData.swift */ = {isa = PBXFileReference; lastKnownFileType = sourcecode.swift; path = ScoreData.swift; sourceTree = "<group>"; };
		E488097625353E500062C068 /* ScoreDataRecordBrain.swift */ = {isa = PBXFileReference; lastKnownFileType = sourcecode.swift; path = ScoreDataRecordBrain.swift; sourceTree = "<group>"; };
		E491A56627537232003D4D11 /* QuizXWeb.storyboard */ = {isa = PBXFileReference; lastKnownFileType = file.storyboard; path = QuizXWeb.storyboard; sourceTree = "<group>"; };
		E491A568275372A9003D4D11 /* QuizXWebViewController.swift */ = {isa = PBXFileReference; lastKnownFileType = sourcecode.swift; path = QuizXWebViewController.swift; sourceTree = "<group>"; };
		E49A704F2479C8F600929251 /* quizDataBeginner.json */ = {isa = PBXFileReference; fileEncoding = 4; lastKnownFileType = text.json; path = quizDataBeginner.json; sourceTree = "<group>"; };
		E49A70512479C8FD00929251 /* quizDataIntermediate.json */ = {isa = PBXFileReference; fileEncoding = 4; lastKnownFileType = text.json; path = quizDataIntermediate.json; sourceTree = "<group>"; };
		E49A70532479C90300929251 /* quizDataAdvanced.json */ = {isa = PBXFileReference; fileEncoding = 4; lastKnownFileType = text.json; path = quizDataAdvanced.json; sourceTree = "<group>"; };
		E4DB522B246AD7450044ECBC /* QuizDataExcel.swift */ = {isa = PBXFileReference; lastKnownFileType = sourcecode.swift; path = QuizDataExcel.swift; sourceTree = "<group>"; };
		E4DB522D246B561E0044ECBC /* QuizDataExcelBrain.swift */ = {isa = PBXFileReference; lastKnownFileType = sourcecode.swift; path = QuizDataExcelBrain.swift; sourceTree = "<group>"; };
		E4FB439E24B2842A00975C0D /* Constants.swift */ = {isa = PBXFileReference; lastKnownFileType = sourcecode.swift; path = Constants.swift; sourceTree = "<group>"; };
/* End PBXFileReference section */

/* Begin PBXFrameworksBuildPhase section */
		E40B1D8D246825A200CB8C3F /* Frameworks */ = {
			isa = PBXFrameworksBuildPhase;
			buildActionMask = 2147483647;
			files = (
				3620583879EB3DA40F7B8A0A /* Pods_QuizX.framework in Frameworks */,
			);
			runOnlyForDeploymentPostprocessing = 0;
		};
/* End PBXFrameworksBuildPhase section */

/* Begin PBXGroup section */
		1E35DC822FC5AF2E67EF9AF8 /* Frameworks */ = {
			isa = PBXGroup;
			children = (
				7B314009DF1CDE2E131CB06B /* Pods_QuizX.framework */,
			);
			name = Frameworks;
			sourceTree = "<group>";
		};
		634B06D4FCF3A3ADDAF14DD3 /* Pods */ = {
			isa = PBXGroup;
			children = (
				663D082C2ED93F2289075CB3 /* Pods-QuizX.debug.xcconfig */,
				4AD46E73F4E22AF9DDB6479A /* Pods-QuizX.release.xcconfig */,
			);
			path = Pods;
			sourceTree = "<group>";
		};
		E40B1D87246825A200CB8C3F = {
			isa = PBXGroup;
			children = (
				E40B1D92246825A200CB8C3F /* QuizX */,
				E40B1D91246825A200CB8C3F /* Products */,
				634B06D4FCF3A3ADDAF14DD3 /* Pods */,
				1E35DC822FC5AF2E67EF9AF8 /* Frameworks */,
			);
			sourceTree = "<group>";
		};
		E40B1D91246825A200CB8C3F /* Products */ = {
			isa = PBXGroup;
			children = (
				E40B1D90246825A200CB8C3F /* QuizX.app */,
			);
			name = Products;
			sourceTree = "<group>";
		};
		E40B1D92246825A200CB8C3F /* QuizX */ = {
			isa = PBXGroup;
			children = (
				E40B1D93246825A200CB8C3F /* AppDelegate.swift */,
				E40B1D95246825A200CB8C3F /* SceneDelegate.swift */,
				E40B1DAB24683C8000CB8C3F /* Model */,
				E40B1DA824683C4C00CB8C3F /* Controller */,
				E40B1DA724683C4000CB8C3F /* View */,
				E40B1D9C246825A800CB8C3F /* Assets.xcassets */,
				E415C9162770AC680036FE84 /* slashSound.mp4 */,
				E40B1D9E246825A800CB8C3F /* LaunchScreen.storyboard */,
				E40B1DA1246825A800CB8C3F /* Info.plist */,
				E4FB439E24B2842A00975C0D /* Constants.swift */,
			);
			path = QuizX;
			sourceTree = "<group>";
		};
		E40B1DA724683C4000CB8C3F /* View */ = {
			isa = PBXGroup;
			children = (
				E40B1D99246825A200CB8C3F /* Main.storyboard */,
				E491A56627537232003D4D11 /* QuizXWeb.storyboard */,
			);
			path = View;
			sourceTree = "<group>";
		};
		E40B1DA824683C4C00CB8C3F /* Controller */ = {
			isa = PBXGroup;
			children = (
				E412C203256DB56600DE6AA4 /* NewQuizViewController.swift */,
				E412C205256DE62000DE6AA4 /* SettingTableViewController.swift */,
				E491A568275372A9003D4D11 /* QuizXWebViewController.swift */,
			);
			path = Controller;
			sourceTree = "<group>";
		};
		E40B1DAB24683C8000CB8C3F /* Model */ = {
			isa = PBXGroup;
			children = (
				E43F042D24712BA6003B8606 /* ScoreData.swift */,
				E488097625353E500062C068 /* ScoreDataRecordBrain.swift */,
				E4ECB61724B5EDB8003110DB /* ExcelModel */,
				E43F569B246E6BE000AA1024 /* Data */,
			);
			path = Model;
			sourceTree = "<group>";
		};
		E43F569B246E6BE000AA1024 /* Data */ = {
			isa = PBXGroup;
			children = (
				E434C1762758C0E600B0EE7B /* quizData_20211202.json */,
				E49A704F2479C8F600929251 /* quizDataBeginner.json */,
				E49A70512479C8FD00929251 /* quizDataIntermediate.json */,
				E49A70532479C90300929251 /* quizDataAdvanced.json */,
				E412C209256DEE4E00DE6AA4 /* newQuizData.json */,
			);
			path = Data;
			sourceTree = "<group>";
		};
		E4ECB61724B5EDB8003110DB /* ExcelModel */ = {
			isa = PBXGroup;
			children = (
				E4DB522B246AD7450044ECBC /* QuizDataExcel.swift */,
				E4DB522D246B561E0044ECBC /* QuizDataExcelBrain.swift */,
			);
			path = ExcelModel;
			sourceTree = "<group>";
		};
/* End PBXGroup section */

/* Begin PBXNativeTarget section */
		E40B1D8F246825A200CB8C3F /* QuizX */ = {
			isa = PBXNativeTarget;
			buildConfigurationList = E40B1DA4246825A800CB8C3F /* Build configuration list for PBXNativeTarget "QuizX" */;
			buildPhases = (
				D693B3FF4D51AEC7338EC9C8 /* [CP] Check Pods Manifest.lock */,
				E40B1D8C246825A200CB8C3F /* Sources */,
				E40B1D8D246825A200CB8C3F /* Frameworks */,
				E40B1D8E246825A200CB8C3F /* Resources */,
			);
			buildRules = (
			);
			dependencies = (
			);
			name = QuizX;
			packageProductDependencies = (
			);
			productName = QuizX;
			productReference = E40B1D90246825A200CB8C3F /* QuizX.app */;
			productType = "com.apple.product-type.application";
		};
/* End PBXNativeTarget section */

/* Begin PBXProject section */
		E40B1D88246825A200CB8C3F /* Project object */ = {
			isa = PBXProject;
			attributes = {
				LastSwiftUpdateCheck = 1140;
				LastUpgradeCheck = 1220;
				ORGANIZATIONNAME = Yoshitaka;
				TargetAttributes = {
					E40B1D8F246825A200CB8C3F = {
						CreatedOnToolsVersion = 11.4;
					};
				};
			};
			buildConfigurationList = E40B1D8B246825A200CB8C3F /* Build configuration list for PBXProject "QuizX" */;
			compatibilityVersion = "Xcode 9.3";
			developmentRegion = en;
			hasScannedForEncodings = 0;
			knownRegions = (
				en,
				Base,
			);
			mainGroup = E40B1D87246825A200CB8C3F;
			packageReferences = (
			);
			productRefGroup = E40B1D91246825A200CB8C3F /* Products */;
			projectDirPath = "";
			projectRoot = "";
			targets = (
				E40B1D8F246825A200CB8C3F /* QuizX */,
			);
		};
/* End PBXProject section */

/* Begin PBXResourcesBuildPhase section */
		E40B1D8E246825A200CB8C3F /* Resources */ = {
			isa = PBXResourcesBuildPhase;
			buildActionMask = 2147483647;
			files = (
				E434C1772758C0E600B0EE7B /* quizData_20211202.json in Resources */,
				E415C9172770AC680036FE84 /* slashSound.mp4 in Resources */,
				E49A70502479C8F600929251 /* quizDataBeginner.json in Resources */,
				E40B1DA0246825A800CB8C3F /* LaunchScreen.storyboard in Resources */,
				E49A70522479C8FD00929251 /* quizDataIntermediate.json in Resources */,
				E491A56727537232003D4D11 /* QuizXWeb.storyboard in Resources */,
				E49A70542479C90400929251 /* quizDataAdvanced.json in Resources */,
				E412C20A256DEE4E00DE6AA4 /* newQuizData.json in Resources */,
				E40B1D9D246825A800CB8C3F /* Assets.xcassets in Resources */,
				E40B1D9B246825A200CB8C3F /* Main.storyboard in Resources */,
			);
			runOnlyForDeploymentPostprocessing = 0;
		};
/* End PBXResourcesBuildPhase section */

/* Begin PBXShellScriptBuildPhase section */
		D693B3FF4D51AEC7338EC9C8 /* [CP] Check Pods Manifest.lock */ = {
			isa = PBXShellScriptBuildPhase;
			buildActionMask = 2147483647;
			files = (
			);
			inputFileListPaths = (
			);
			inputPaths = (
				"${PODS_PODFILE_DIR_PATH}/Podfile.lock",
				"${PODS_ROOT}/Manifest.lock",
			);
			name = "[CP] Check Pods Manifest.lock";
			outputFileListPaths = (
			);
			outputPaths = (
				"$(DERIVED_FILE_DIR)/Pods-QuizX-checkManifestLockResult.txt",
			);
			runOnlyForDeploymentPostprocessing = 0;
			shellPath = /bin/sh;
			shellScript = "diff \"${PODS_PODFILE_DIR_PATH}/Podfile.lock\" \"${PODS_ROOT}/Manifest.lock\" > /dev/null\nif [ $? != 0 ] ; then\n    # print error to STDERR\n    echo \"error: The sandbox is not in sync with the Podfile.lock. Run 'pod install' or update your CocoaPods installation.\" >&2\n    exit 1\nfi\n# This output is used by Xcode 'outputs' to avoid re-running this script phase.\necho \"SUCCESS\" > \"${SCRIPT_OUTPUT_FILE_0}\"\n";
			showEnvVarsInLog = 0;
		};
/* End PBXShellScriptBuildPhase section */

/* Begin PBXSourcesBuildPhase section */
		E40B1D8C246825A200CB8C3F /* Sources */ = {
			isa = PBXSourcesBuildPhase;
			buildActionMask = 2147483647;
			files = (
				E4DB522E246B561E0044ECBC /* QuizDataExcelBrain.swift in Sources */,
				E4FB439F24B2842A00975C0D /* Constants.swift in Sources */,
				E4DB522C246AD7450044ECBC /* QuizDataExcel.swift in Sources */,
				E491A569275372A9003D4D11 /* QuizXWebViewController.swift in Sources */,
				E40B1D94246825A200CB8C3F /* AppDelegate.swift in Sources */,
				E488097725353E500062C068 /* ScoreDataRecordBrain.swift in Sources */,
				E412C204256DB56600DE6AA4 /* NewQuizViewController.swift in Sources */,
				E412C206256DE62000DE6AA4 /* SettingTableViewController.swift in Sources */,
				E43F042E24712BA6003B8606 /* ScoreData.swift in Sources */,
				E40B1D96246825A200CB8C3F /* SceneDelegate.swift in Sources */,
			);
			runOnlyForDeploymentPostprocessing = 0;
		};
/* End PBXSourcesBuildPhase section */

/* Begin PBXVariantGroup section */
		E40B1D99246825A200CB8C3F /* Main.storyboard */ = {
			isa = PBXVariantGroup;
			children = (
				E40B1D9A246825A200CB8C3F /* Base */,
			);
			name = Main.storyboard;
			sourceTree = "<group>";
		};
		E40B1D9E246825A800CB8C3F /* LaunchScreen.storyboard */ = {
			isa = PBXVariantGroup;
			children = (
				E40B1D9F246825A800CB8C3F /* Base */,
			);
			name = LaunchScreen.storyboard;
			sourceTree = "<group>";
		};
/* End PBXVariantGroup section */

/* Begin XCBuildConfiguration section */
		E40B1DA2246825A800CB8C3F /* Debug */ = {
			isa = XCBuildConfiguration;
			buildSettings = {
				ALWAYS_SEARCH_USER_PATHS = NO;
				CLANG_ANALYZER_LOCALIZABILITY_NONLOCALIZED = YES;
				CLANG_ANALYZER_NONNULL = YES;
				CLANG_ANALYZER_NUMBER_OBJECT_CONVERSION = YES_AGGRESSIVE;
				CLANG_CXX_LANGUAGE_STANDARD = "gnu++14";
				CLANG_CXX_LIBRARY = "libc++";
				CLANG_ENABLE_MODULES = YES;
				CLANG_ENABLE_OBJC_ARC = YES;
				CLANG_ENABLE_OBJC_WEAK = YES;
				CLANG_WARN_BLOCK_CAPTURE_AUTORELEASING = YES;
				CLANG_WARN_BOOL_CONVERSION = YES;
				CLANG_WARN_COMMA = YES;
				CLANG_WARN_CONSTANT_CONVERSION = YES;
				CLANG_WARN_DEPRECATED_OBJC_IMPLEMENTATIONS = YES;
				CLANG_WARN_DIRECT_OBJC_ISA_USAGE = YES_ERROR;
				CLANG_WARN_DOCUMENTATION_COMMENTS = YES;
				CLANG_WARN_EMPTY_BODY = YES;
				CLANG_WARN_ENUM_CONVERSION = YES;
				CLANG_WARN_INFINITE_RECURSION = YES;
				CLANG_WARN_INT_CONVERSION = YES;
				CLANG_WARN_NON_LITERAL_NULL_CONVERSION = YES;
				CLANG_WARN_OBJC_IMPLICIT_RETAIN_SELF = YES;
				CLANG_WARN_OBJC_LITERAL_CONVERSION = YES;
				CLANG_WARN_OBJC_ROOT_CLASS = YES_ERROR;
				CLANG_WARN_QUOTED_INCLUDE_IN_FRAMEWORK_HEADER = YES;
				CLANG_WARN_RANGE_LOOP_ANALYSIS = YES;
				CLANG_WARN_STRICT_PROTOTYPES = YES;
				CLANG_WARN_SUSPICIOUS_MOVE = YES;
				CLANG_WARN_UNGUARDED_AVAILABILITY = YES_AGGRESSIVE;
				CLANG_WARN_UNREACHABLE_CODE = YES;
				CLANG_WARN__DUPLICATE_METHOD_MATCH = YES;
				COPY_PHASE_STRIP = NO;
				DEBUG_INFORMATION_FORMAT = dwarf;
				ENABLE_STRICT_OBJC_MSGSEND = YES;
				ENABLE_TESTABILITY = YES;
				GCC_C_LANGUAGE_STANDARD = gnu11;
				GCC_DYNAMIC_NO_PIC = NO;
				GCC_NO_COMMON_BLOCKS = YES;
				GCC_OPTIMIZATION_LEVEL = 0;
				GCC_PREPROCESSOR_DEFINITIONS = (
					"DEBUG=1",
					"$(inherited)",
				);
				GCC_WARN_64_TO_32_BIT_CONVERSION = YES;
				GCC_WARN_ABOUT_RETURN_TYPE = YES_ERROR;
				GCC_WARN_UNDECLARED_SELECTOR = YES;
				GCC_WARN_UNINITIALIZED_AUTOS = YES_AGGRESSIVE;
				GCC_WARN_UNUSED_FUNCTION = YES;
				GCC_WARN_UNUSED_VARIABLE = YES;
				IPHONEOS_DEPLOYMENT_TARGET = 13.4;
				MTL_ENABLE_DEBUG_INFO = INCLUDE_SOURCE;
				MTL_FAST_MATH = YES;
				ONLY_ACTIVE_ARCH = YES;
				SDKROOT = iphoneos;
				SWIFT_ACTIVE_COMPILATION_CONDITIONS = DEBUG;
				SWIFT_OPTIMIZATION_LEVEL = "-Onone";
			};
			name = Debug;
		};
		E40B1DA3246825A800CB8C3F /* Release */ = {
			isa = XCBuildConfiguration;
			buildSettings = {
				ALWAYS_SEARCH_USER_PATHS = NO;
				CLANG_ANALYZER_LOCALIZABILITY_NONLOCALIZED = YES;
				CLANG_ANALYZER_NONNULL = YES;
				CLANG_ANALYZER_NUMBER_OBJECT_CONVERSION = YES_AGGRESSIVE;
				CLANG_CXX_LANGUAGE_STANDARD = "gnu++14";
				CLANG_CXX_LIBRARY = "libc++";
				CLANG_ENABLE_MODULES = YES;
				CLANG_ENABLE_OBJC_ARC = YES;
				CLANG_ENABLE_OBJC_WEAK = YES;
				CLANG_WARN_BLOCK_CAPTURE_AUTORELEASING = YES;
				CLANG_WARN_BOOL_CONVERSION = YES;
				CLANG_WARN_COMMA = YES;
				CLANG_WARN_CONSTANT_CONVERSION = YES;
				CLANG_WARN_DEPRECATED_OBJC_IMPLEMENTATIONS = YES;
				CLANG_WARN_DIRECT_OBJC_ISA_USAGE = YES_ERROR;
				CLANG_WARN_DOCUMENTATION_COMMENTS = YES;
				CLANG_WARN_EMPTY_BODY = YES;
				CLANG_WARN_ENUM_CONVERSION = YES;
				CLANG_WARN_INFINITE_RECURSION = YES;
				CLANG_WARN_INT_CONVERSION = YES;
				CLANG_WARN_NON_LITERAL_NULL_CONVERSION = YES;
				CLANG_WARN_OBJC_IMPLICIT_RETAIN_SELF = YES;
				CLANG_WARN_OBJC_LITERAL_CONVERSION = YES;
				CLANG_WARN_OBJC_ROOT_CLASS = YES_ERROR;
				CLANG_WARN_QUOTED_INCLUDE_IN_FRAMEWORK_HEADER = YES;
				CLANG_WARN_RANGE_LOOP_ANALYSIS = YES;
				CLANG_WARN_STRICT_PROTOTYPES = YES;
				CLANG_WARN_SUSPICIOUS_MOVE = YES;
				CLANG_WARN_UNGUARDED_AVAILABILITY = YES_AGGRESSIVE;
				CLANG_WARN_UNREACHABLE_CODE = YES;
				CLANG_WARN__DUPLICATE_METHOD_MATCH = YES;
				COPY_PHASE_STRIP = NO;
				DEBUG_INFORMATION_FORMAT = "dwarf-with-dsym";
				ENABLE_NS_ASSERTIONS = NO;
				ENABLE_STRICT_OBJC_MSGSEND = YES;
				GCC_C_LANGUAGE_STANDARD = gnu11;
				GCC_NO_COMMON_BLOCKS = YES;
				GCC_WARN_64_TO_32_BIT_CONVERSION = YES;
				GCC_WARN_ABOUT_RETURN_TYPE = YES_ERROR;
				GCC_WARN_UNDECLARED_SELECTOR = YES;
				GCC_WARN_UNINITIALIZED_AUTOS = YES_AGGRESSIVE;
				GCC_WARN_UNUSED_FUNCTION = YES;
				GCC_WARN_UNUSED_VARIABLE = YES;
				IPHONEOS_DEPLOYMENT_TARGET = 13.4;
				MTL_ENABLE_DEBUG_INFO = NO;
				MTL_FAST_MATH = YES;
				SDKROOT = iphoneos;
				SWIFT_COMPILATION_MODE = wholemodule;
				SWIFT_OPTIMIZATION_LEVEL = "-O";
				VALIDATE_PRODUCT = YES;
			};
			name = Release;
		};
		E40B1DA5246825A800CB8C3F /* Debug */ = {
			isa = XCBuildConfiguration;
			baseConfigurationReference = 663D082C2ED93F2289075CB3 /* Pods-QuizX.debug.xcconfig */;
			buildSettings = {
				ASSETCATALOG_COMPILER_APPICON_NAME = AppIcon;
				CODE_SIGN_STYLE = Automatic;
				CURRENT_PROJECT_VERSION = 2.0.0.2;
				DEVELOPMENT_TEAM = VKV3Y2GW5Q;
				INFOPLIST_FILE = QuizX/Info.plist;
				IPHONEOS_DEPLOYMENT_TARGET = 13.0;
				LD_RUNPATH_SEARCH_PATHS = (
					"$(inherited)",
					"@executable_path/Frameworks",
				);
				MARKETING_VERSION = 2.0.0;
				PRODUCT_BUNDLE_IDENTIFIER = com.yoshitaka.QuizX;
				PRODUCT_NAME = "$(TARGET_NAME)";
				SWIFT_VERSION = 5.0;
				TARGETED_DEVICE_FAMILY = "1,2";
			};
			name = Debug;
		};
		E40B1DA6246825A800CB8C3F /* Release */ = {
			isa = XCBuildConfiguration;
			baseConfigurationReference = 4AD46E73F4E22AF9DDB6479A /* Pods-QuizX.release.xcconfig */;
			buildSettings = {
				ASSETCATALOG_COMPILER_APPICON_NAME = AppIcon;
				CODE_SIGN_STYLE = Automatic;
				CURRENT_PROJECT_VERSION = 2.0.0.2;
				DEVELOPMENT_TEAM = VKV3Y2GW5Q;
				INFOPLIST_FILE = QuizX/Info.plist;
				IPHONEOS_DEPLOYMENT_TARGET = 13.0;
				LD_RUNPATH_SEARCH_PATHS = (
					"$(inherited)",
					"@executable_path/Frameworks",
				);
				MARKETING_VERSION = 2.0.0;
				PRODUCT_BUNDLE_IDENTIFIER = com.yoshitaka.QuizX;
				PRODUCT_NAME = "$(TARGET_NAME)";
				SWIFT_VERSION = 5.0;
				TARGETED_DEVICE_FAMILY = "1,2";
			};
			name = Release;
		};
/* End XCBuildConfiguration section */

/* Begin XCConfigurationList section */
		E40B1D8B246825A200CB8C3F /* Build configuration list for PBXProject "QuizX" */ = {
			isa = XCConfigurationList;
			buildConfigurations = (
				E40B1DA2246825A800CB8C3F /* Debug */,
				E40B1DA3246825A800CB8C3F /* Release */,
			);
			defaultConfigurationIsVisible = 0;
			defaultConfigurationName = Release;
		};
		E40B1DA4246825A800CB8C3F /* Build configuration list for PBXNativeTarget "QuizX" */ = {
			isa = XCConfigurationList;
			buildConfigurations = (
				E40B1DA5246825A800CB8C3F /* Debug */,
				E40B1DA6246825A800CB8C3F /* Release */,
			);
			defaultConfigurationIsVisible = 0;
			defaultConfigurationName = Release;
		};
/* End XCConfigurationList section */
	};
	rootObject = E40B1D88246825A200CB8C3F /* Project object */;
}
